
Microsoft Visual Studio Solution File, Format Version 12.00
# Visual Studio Version 16
VisualStudioVersion = 16.0.30804.86
MinimumVisualStudioVersion = 10.0.40219.1
Project("{2150E333-8FDC-42A3-9474-1A3956D46DE8}") = "Documentation", "Documentation", "{15F8B3A5-C9FB-46C5-9792-60E884B3AB8E}"
	ProjectSection(SolutionItems) = preProject
		Documentation\Devshed.Csv 1.2.docx = Documentation\Devshed.Csv 1.2.docx
		Documentation\Devshed.Csv 1.2.pdf = Documentation\Devshed.Csv 1.2.pdf
		Documentation\Documentation_2.0.md = Documentation\Documentation_2.0.md
	EndProjectSection
EndProject
Project("{FAE04EC0-301F-11D3-BF4B-00C04F79EFBC}") = "Devshed.Shared", "Devshed.Shared\Devshed.Shared.csproj", "{00B25A05-00D8-4419-9127-87512805CB3E}"
EndProject
Project("{FAE04EC0-301F-11D3-BF4B-00C04F79EFBC}") = "Devshed.Csv.Tests", "Devshed.CSV.Tests\Devshed.Csv.Tests.csproj", "{EE6CA37D-B61B-40DC-A3DD-802EE108C503}"
EndProject
Project("{FAE04EC0-301F-11D3-BF4B-00C04F79EFBC}") = "Devshed.Csv", "Devshed.Csv\Devshed.Csv.csproj", "{7CC76CCC-FD7F-4671-8461-0D517652D6B7}"
EndProject
Project("{FAE04EC0-301F-11D3-BF4B-00C04F79EFBC}") = "Devshed.Shared.Tests", "Devshed.Shared.Tests\Devshed.Shared.Tests.csproj", "{A12249DB-53E4-4B35-8512-BD79AA7EFE49}"
EndProject
Project("{2150E333-8FDC-42A3-9474-1A3956D46DE8}") = "Tests", "Tests", "{8D382B3B-1E77-4CEB-B808-8AA3970391AA}"
EndProject
Project("{FAE04EC0-301F-11D3-BF4B-00C04F79EFBC}") = "Devshed.Csv.OpenXml", "Devshed.Csv.OpenXml\Devshed.Csv.OpenXml.csproj", "{BC15975A-7CF0-4936-91C8-7CFE2A079AFF}"
EndProject
Project("{FAE04EC0-301F-11D3-BF4B-00C04F79EFBC}") = "Devshed.Csv.OpenXml.Tests", "Devshed.Csv.OpenXml.Tests\Devshed.Csv.OpenXml.Tests.csproj", "{F85C0FAC-F758-47B5-854C-8D3ACFA7C1F2}"
EndProject
Project("{2150E333-8FDC-42A3-9474-1A3956D46DE8}") = ".nuget", ".nuget", "{64878CDB-161B-433D-A8D5-32031B904DE6}"
	ProjectSection(SolutionItems) = preProject
		.nuget\NuGet.Config = .nuget\NuGet.Config
		.nuget\NuGet.exe = .nuget\NuGet.exe
		.nuget\NuGet.targets = .nuget\NuGet.targets
	EndProjectSection
EndProject
Global
	GlobalSection(SolutionConfigurationPlatforms) = preSolution
		Debug|Any CPU = Debug|Any CPU
		Release|Any CPU = Release|Any CPU
	EndGlobalSection
	GlobalSection(ProjectConfigurationPlatforms) = postSolution
		{F9430E84-7285-4F78-AD46-EC70C5D62BB1}.Debug|Any CPU.ActiveCfg = Debug|Any CPU
		{F9430E84-7285-4F78-AD46-EC70C5D62BB1}.Debug|Any CPU.Build.0 = Debug|Any CPU
		{F9430E84-7285-4F78-AD46-EC70C5D62BB1}.Release|Any CPU.ActiveCfg = Release|Any CPU
		{F9430E84-7285-4F78-AD46-EC70C5D62BB1}.Release|Any CPU.Build.0 = Release|Any CPU
		{00B25A05-00D8-4419-9127-87512805CB3E}.Debug|Any CPU.ActiveCfg = Debug|Any CPU
		{00B25A05-00D8-4419-9127-87512805CB3E}.Debug|Any CPU.Build.0 = Debug|Any CPU
		{00B25A05-00D8-4419-9127-87512805CB3E}.Release|Any CPU.ActiveCfg = Release|Any CPU
		{00B25A05-00D8-4419-9127-87512805CB3E}.Release|Any CPU.Build.0 = Release|Any CPU
		{0D79B312-54B7-45DB-8B4B-77CAA5951F25}.Debug|Any CPU.ActiveCfg = Debug|Any CPU
		{0D79B312-54B7-45DB-8B4B-77CAA5951F25}.Debug|Any CPU.Build.0 = Debug|Any CPU
		{0D79B312-54B7-45DB-8B4B-77CAA5951F25}.Release|Any CPU.ActiveCfg = Release|Any CPU
		{0D79B312-54B7-45DB-8B4B-77CAA5951F25}.Release|Any CPU.Build.0 = Release|Any CPU
		{EE6CA37D-B61B-40DC-A3DD-802EE108C503}.Debug|Any CPU.ActiveCfg = Debug|Any CPU
		{EE6CA37D-B61B-40DC-A3DD-802EE108C503}.Debug|Any CPU.Build.0 = Debug|Any CPU
		{EE6CA37D-B61B-40DC-A3DD-802EE108C503}.Release|Any CPU.ActiveCfg = Release|Any CPU
		{EE6CA37D-B61B-40DC-A3DD-802EE108C503}.Release|Any CPU.Build.0 = Release|Any CPU
		{7CC76CCC-FD7F-4671-8461-0D517652D6B7}.Debug|Any CPU.ActiveCfg = Debug|Any CPU
		{7CC76CCC-FD7F-4671-8461-0D517652D6B7}.Debug|Any CPU.Build.0 = Debug|Any CPU
		{7CC76CCC-FD7F-4671-8461-0D517652D6B7}.Release|Any CPU.ActiveCfg = Release|Any CPU
		{7CC76CCC-FD7F-4671-8461-0D517652D6B7}.Release|Any CPU.Build.0 = Release|Any CPU
		{A12249DB-53E4-4B35-8512-BD79AA7EFE49}.Debug|Any CPU.ActiveCfg = Debug|Any CPU
		{A12249DB-53E4-4B35-8512-BD79AA7EFE49}.Debug|Any CPU.Build.0 = Debug|Any CPU
		{A12249DB-53E4-4B35-8512-BD79AA7EFE49}.Release|Any CPU.ActiveCfg = Release|Any CPU
		{A12249DB-53E4-4B35-8512-BD79AA7EFE49}.Release|Any CPU.Build.0 = Release|Any CPU
		{BC15975A-7CF0-4936-91C8-7CFE2A079AFF}.Debug|Any CPU.ActiveCfg = Debug|Any CPU
		{BC15975A-7CF0-4936-91C8-7CFE2A079AFF}.Debug|Any CPU.Build.0 = Debug|Any CPU
		{BC15975A-7CF0-4936-91C8-7CFE2A079AFF}.Release|Any CPU.ActiveCfg = Release|Any CPU
		{BC15975A-7CF0-4936-91C8-7CFE2A079AFF}.Release|Any CPU.Build.0 = Release|Any CPU
		{F85C0FAC-F758-47B5-854C-8D3ACFA7C1F2}.Debug|Any CPU.ActiveCfg = Debug|Any CPU
		{F85C0FAC-F758-47B5-854C-8D3ACFA7C1F2}.Debug|Any CPU.Build.0 = Debug|Any CPU
		{F85C0FAC-F758-47B5-854C-8D3ACFA7C1F2}.Release|Any CPU.ActiveCfg = Release|Any CPU
		{F85C0FAC-F758-47B5-854C-8D3ACFA7C1F2}.Release|Any CPU.Build.0 = Release|Any CPU
	EndGlobalSection
	GlobalSection(SolutionProperties) = preSolution
		HideSolutionNode = FALSE
	EndGlobalSection
	GlobalSection(NestedProjects) = preSolution
		{EE6CA37D-B61B-40DC-A3DD-802EE108C503} = {8D382B3B-1E77-4CEB-B808-8AA3970391AA}
		{A12249DB-53E4-4B35-8512-BD79AA7EFE49} = {8D382B3B-1E77-4CEB-B808-8AA3970391AA}
		{F85C0FAC-F758-47B5-854C-8D3ACFA7C1F2} = {8D382B3B-1E77-4CEB-B808-8AA3970391AA}
	EndGlobalSection
	GlobalSection(ExtensibilityGlobals) = postSolution
		SolutionGuid = {F6B05B16-9C9A-4F42-B3FE-E679082FE348}
	EndGlobalSection
	GlobalSection(Performance) = preSolution
		HasPerformanceSessions = true
	EndGlobalSection
EndGlobal
